PODS:
  - SWImagePickerManager (2.0.0)

DEPENDENCIES:
  - SWImagePickerManager (from `../`)

EXTERNAL SOURCES:
  SWImagePickerManager:
    :path: "../"

SPEC CHECKSUMS:
  SWImagePickerManager: 851a8a7513620d30fe0f44ad804b3a4f7185de35

PODFILE CHECKSUM: 23686ea2bf3c8abf2b6a41d4f42c5bd64dfc8870

COCOAPODS: 1.2.0.beta.3
